
Microsoft Visual Studio Solution File, Format Version 12.00
# Visual Studio Version 16
VisualStudioVersion = 16.0.32106.194
MinimumVisualStudioVersion = 10.0.40219.1
Project("{FAE04EC0-301F-11D3-BF4B-00C04F79EFBC}") = "TabuadaMatematica", "TabuadaMatematica\TabuadaMatematica.csproj", "{1BAD9C28-F787-445E-8CEA-E8BB2D67D42D}"
EndProject
Global
	GlobalSection(SolutionConfigurationPlatforms) = preSolution
		Debug|Any CPU = Debug|Any CPU
		Release|Any CPU = Release|Any CPU
	EndGlobalSection
	GlobalSection(ProjectConfigurationPlatforms) = postSolution
		{1BAD9C28-F787-445E-8CEA-E8BB2D67D42D}.Debug|Any CPU.ActiveCfg = Debug|Any CPU
		{1BAD9C28-F787-445E-8CEA-E8BB2D67D42D}.Debug|Any CPU.Build.0 = Debug|Any CPU
		{1BAD9C28-F787-445E-8CEA-E8BB2D67D42D}.Release|Any CPU.ActiveCfg = Release|Any CPU
		{1BAD9C28-F787-445E-8CEA-E8BB2D67D42D}.Release|Any CPU.Build.0 = Release|Any CPU
	EndGlobalSection
	GlobalSection(SolutionProperties) = preSolution
		HideSolutionNode = FALSE
	EndGlobalSection
	GlobalSection(ExtensibilityGlobals) = postSolution
		SolutionGuid = {6FFADB36-8554-439A-BE5A-E0A82461606A}
	EndGlobalSection
EndGlobal
